
Microsoft Visual Studio Solution File, Format Version 12.00
# Visual Studio Version 17
VisualStudioVersion = 17.0.32112.339
MinimumVisualStudioVersion = 10.0.40219.1
Project("{9A19103F-16F7-4668-BE54-9A1E7A4F7556}") = "Vacation", "Vacation\Vacation.csproj", "{C0C5B708-26C3-4A46-9473-D9CDA34C98F8}"
EndProject
Project("{9A19103F-16F7-4668-BE54-9A1E7A4F7556}") = "Business", "Business\Business.csproj", "{741D6527-BC25-42C0-8425-4915706C1020}"
EndProject
Project("{9A19103F-16F7-4668-BE54-9A1E7A4F7556}") = "Entities", "Entities\Entities.csproj", "{2965C8A7-1250-425E-928C-FDE679B030B9}"
EndProject
Project("{9A19103F-16F7-4668-BE54-9A1E7A4F7556}") = "DataAccess", "DataAccess\DataAccess.csproj", "{1323CAAA-F60A-435C-BB8C-CEA53DC3E33A}"
EndProject
Project("{FAE04EC0-301F-11D3-BF4B-00C04F79EFBC}") = "Core", "Core\Core.csproj", "{D492B2FE-8D19-4AAB-958E-120FB70DB907}"
EndProject
Global
	GlobalSection(SolutionConfigurationPlatforms) = preSolution
		Debug|Any CPU = Debug|Any CPU
		Release|Any CPU = Release|Any CPU
	EndGlobalSection
	GlobalSection(ProjectConfigurationPlatforms) = postSolution
		{C0C5B708-26C3-4A46-9473-D9CDA34C98F8}.Debug|Any CPU.ActiveCfg = Debug|Any CPU
		{C0C5B708-26C3-4A46-9473-D9CDA34C98F8}.Debug|Any CPU.Build.0 = Debug|Any CPU
		{C0C5B708-26C3-4A46-9473-D9CDA34C98F8}.Release|Any CPU.ActiveCfg = Release|Any CPU
		{C0C5B708-26C3-4A46-9473-D9CDA34C98F8}.Release|Any CPU.Build.0 = Release|Any CPU
		{741D6527-BC25-42C0-8425-4915706C1020}.Debug|Any CPU.ActiveCfg = Debug|Any CPU
		{741D6527-BC25-42C0-8425-4915706C1020}.Debug|Any CPU.Build.0 = Debug|Any CPU
		{741D6527-BC25-42C0-8425-4915706C1020}.Release|Any CPU.ActiveCfg = Release|Any CPU
		{741D6527-BC25-42C0-8425-4915706C1020}.Release|Any CPU.Build.0 = Release|Any CPU
		{2965C8A7-1250-425E-928C-FDE679B030B9}.Debug|Any CPU.ActiveCfg = Debug|Any CPU
		{2965C8A7-1250-425E-928C-FDE679B030B9}.Debug|Any CPU.Build.0 = Debug|Any CPU
		{2965C8A7-1250-425E-928C-FDE679B030B9}.Release|Any CPU.ActiveCfg = Release|Any CPU
		{2965C8A7-1250-425E-928C-FDE679B030B9}.Release|Any CPU.Build.0 = Release|Any CPU
		{1323CAAA-F60A-435C-BB8C-CEA53DC3E33A}.Debug|Any CPU.ActiveCfg = Debug|Any CPU
		{1323CAAA-F60A-435C-BB8C-CEA53DC3E33A}.Debug|Any CPU.Build.0 = Debug|Any CPU
		{1323CAAA-F60A-435C-BB8C-CEA53DC3E33A}.Release|Any CPU.ActiveCfg = Release|Any CPU
		{1323CAAA-F60A-435C-BB8C-CEA53DC3E33A}.Release|Any CPU.Build.0 = Release|Any CPU
		{D492B2FE-8D19-4AAB-958E-120FB70DB907}.Debug|Any CPU.ActiveCfg = Debug|Any CPU
		{D492B2FE-8D19-4AAB-958E-120FB70DB907}.Debug|Any CPU.Build.0 = Debug|Any CPU
		{D492B2FE-8D19-4AAB-958E-120FB70DB907}.Release|Any CPU.ActiveCfg = Release|Any CPU
		{D492B2FE-8D19-4AAB-958E-120FB70DB907}.Release|Any CPU.Build.0 = Release|Any CPU
	EndGlobalSection
	GlobalSection(SolutionProperties) = preSolution
		HideSolutionNode = FALSE
	EndGlobalSection
	GlobalSection(ExtensibilityGlobals) = postSolution
		SolutionGuid = {D0C7A95E-7BCC-426E-A7C6-41B77F2130E1}
	EndGlobalSection
EndGlobal
